// !$*UTF8*$!
{
	archiveVersion = 1;
	classes = {
	};
	objectVersion = 52;
	objects = {

/* Begin PBXBuildFile section */
		F5152C74261944F900AC1FB2 /* GoogleService-Info.plist in Resources */ = {isa = PBXBuildFile; fileRef = F5152C73261944F900AC1FB2 /* GoogleService-Info.plist */; };
		F5152CC4261D0B5600AC1FB2 /* FirebaseAnalytics in Frameworks */ = {isa = PBXBuildFile; productRef = F5152CC3261D0B5600AC1FB2 /* FirebaseAnalytics */; };
		F5152CC6261D0B5600AC1FB2 /* FirebaseFirestoreSwift-Beta in Frameworks */ = {isa = PBXBuildFile; productRef = F5152CC5261D0B5600AC1FB2 /* FirebaseFirestoreSwift-Beta */; };
		F5152CC8261D0B5600AC1FB2 /* FirebaseFirestore in Frameworks */ = {isa = PBXBuildFile; productRef = F5152CC7261D0B5600AC1FB2 /* FirebaseFirestore */; };
		F5152CCA261D0B5600AC1FB2 /* FirebaseDatabase in Frameworks */ = {isa = PBXBuildFile; productRef = F5152CC9261D0B5600AC1FB2 /* FirebaseDatabase */; };
		F5152CD1261D0C4900AC1FB2 /* MsgModel.swift in Sources */ = {isa = PBXBuildFile; fileRef = F5152CD0261D0C4900AC1FB2 /* MsgModel.swift */; };
		F5152CD6261D7F7D00AC1FB2 /* AddChatUserView.swift in Sources */ = {isa = PBXBuildFile; fileRef = F5152CD5261D7F7D00AC1FB2 /* AddChatUserView.swift */; };
		F5152CD9261D811300AC1FB2 /* ChatRoom.swift in Sources */ = {isa = PBXBuildFile; fileRef = F5152CD8261D811300AC1FB2 /* ChatRoom.swift */; };
		F5152CE2261D953B00AC1FB2 /* ChatEntry.swift in Sources */ = {isa = PBXBuildFile; fileRef = F5152CE1261D953A00AC1FB2 /* ChatEntry.swift */; };
		F5C2ED142605B0580097007D /* TodoList.swift in Sources */ = {isa = PBXBuildFile; fileRef = F5C2ED132605B0580097007D /* TodoList.swift */; };
		F5C2ED172605BDD90097007D /* Shopping.swift in Sources */ = {isa = PBXBuildFile; fileRef = F5C2ED162605BDD90097007D /* Shopping.swift */; };
		F5C2ED1A2605BF390097007D /* Setting.swift in Sources */ = {isa = PBXBuildFile; fileRef = F5C2ED192605BF390097007D /* Setting.swift */; };
		F5C2ED1D2605BF5E0097007D /* HomeModel.swift in Sources */ = {isa = PBXBuildFile; fileRef = F5C2ED1C2605BF5E0097007D /* HomeModel.swift */; };
		F5C2ED20260A015D0097007D /* TodoListViewModel.swift in Sources */ = {isa = PBXBuildFile; fileRef = F5C2ED1F260A015D0097007D /* TodoListViewModel.swift */; };
		F5C2ED23260A01C20097007D /* TaskCellViewModel.swift in Sources */ = {isa = PBXBuildFile; fileRef = F5C2ED22260A01C20097007D /* TaskCellViewModel.swift */; };
		F5C2ED2A2617CE750097007D /* TaskRepository.swift in Sources */ = {isa = PBXBuildFile; fileRef = F5C2ED292617CE750097007D /* TaskRepository.swift */; };
		F5FE2F5A25F358A700EBF653 /* CollaborationToolApp.swift in Sources */ = {isa = PBXBuildFile; fileRef = F5FE2F5925F358A700EBF653 /* CollaborationToolApp.swift */; };
		F5FE2F5C25F358A700EBF653 /* ContentView.swift in Sources */ = {isa = PBXBuildFile; fileRef = F5FE2F5B25F358A700EBF653 /* ContentView.swift */; };
		F5FE2F5E25F358A800EBF653 /* Assets.xcassets in Resources */ = {isa = PBXBuildFile; fileRef = F5FE2F5D25F358A800EBF653 /* Assets.xcassets */; };
		F5FE2F6125F358A800EBF653 /* Preview Assets.xcassets in Resources */ = {isa = PBXBuildFile; fileRef = F5FE2F6025F358A800EBF653 /* Preview Assets.xcassets */; };
/* End PBXBuildFile section */

/* Begin PBXFileReference section */
		F5152C73261944F900AC1FB2 /* GoogleService-Info.plist */ = {isa = PBXFileReference; fileEncoding = 4; lastKnownFileType = text.plist.xml; path = "GoogleService-Info.plist"; sourceTree = "<group>"; };
		F5152CD0261D0C4900AC1FB2 /* MsgModel.swift */ = {isa = PBXFileReference; lastKnownFileType = sourcecode.swift; path = MsgModel.swift; sourceTree = "<group>"; };
		F5152CD5261D7F7D00AC1FB2 /* AddChatUserView.swift */ = {isa = PBXFileReference; lastKnownFileType = sourcecode.swift; path = AddChatUserView.swift; sourceTree = "<group>"; };
		F5152CD8261D811300AC1FB2 /* ChatRoom.swift */ = {isa = PBXFileReference; lastKnownFileType = sourcecode.swift; path = ChatRoom.swift; sourceTree = "<group>"; };
		F5152CE1261D953A00AC1FB2 /* ChatEntry.swift */ = {isa = PBXFileReference; lastKnownFileType = sourcecode.swift; path = ChatEntry.swift; sourceTree = "<group>"; };
		F5C2ED132605B0580097007D /* TodoList.swift */ = {isa = PBXFileReference; lastKnownFileType = sourcecode.swift; path = TodoList.swift; sourceTree = "<group>"; };
		F5C2ED162605BDD90097007D /* Shopping.swift */ = {isa = PBXFileReference; lastKnownFileType = sourcecode.swift; path = Shopping.swift; sourceTree = "<group>"; };
		F5C2ED192605BF390097007D /* Setting.swift */ = {isa = PBXFileReference; lastKnownFileType = sourcecode.swift; path = Setting.swift; sourceTree = "<group>"; };
		F5C2ED1C2605BF5E0097007D /* HomeModel.swift */ = {isa = PBXFileReference; lastKnownFileType = sourcecode.swift; path = HomeModel.swift; sourceTree = "<group>"; };
		F5C2ED1F260A015D0097007D /* TodoListViewModel.swift */ = {isa = PBXFileReference; lastKnownFileType = sourcecode.swift; path = TodoListViewModel.swift; sourceTree = "<group>"; };
		F5C2ED22260A01C20097007D /* TaskCellViewModel.swift */ = {isa = PBXFileReference; lastKnownFileType = sourcecode.swift; path = TaskCellViewModel.swift; sourceTree = "<group>"; };
		F5C2ED292617CE750097007D /* TaskRepository.swift */ = {isa = PBXFileReference; lastKnownFileType = sourcecode.swift; path = TaskRepository.swift; sourceTree = "<group>"; };
		F5FE2F5625F358A700EBF653 /* CollaborationTool.app */ = {isa = PBXFileReference; explicitFileType = wrapper.application; includeInIndex = 0; path = CollaborationTool.app; sourceTree = BUILT_PRODUCTS_DIR; };
		F5FE2F5925F358A700EBF653 /* CollaborationToolApp.swift */ = {isa = PBXFileReference; lastKnownFileType = sourcecode.swift; path = CollaborationToolApp.swift; sourceTree = "<group>"; };
		F5FE2F5B25F358A700EBF653 /* ContentView.swift */ = {isa = PBXFileReference; lastKnownFileType = sourcecode.swift; path = ContentView.swift; sourceTree = "<group>"; };
		F5FE2F5D25F358A800EBF653 /* Assets.xcassets */ = {isa = PBXFileReference; lastKnownFileType = folder.assetcatalog; path = Assets.xcassets; sourceTree = "<group>"; };
		F5FE2F6025F358A800EBF653 /* Preview Assets.xcassets */ = {isa = PBXFileReference; lastKnownFileType = folder.assetcatalog; path = "Preview Assets.xcassets"; sourceTree = "<group>"; };
		F5FE2F6225F358A800EBF653 /* Info.plist */ = {isa = PBXFileReference; lastKnownFileType = text.plist.xml; path = Info.plist; sourceTree = "<group>"; };
/* End PBXFileReference section */

/* Begin PBXFrameworksBuildPhase section */
		F5FE2F5325F358A700EBF653 /* Frameworks */ = {
			isa = PBXFrameworksBuildPhase;
			buildActionMask = 2147483647;
			files = (
				F5152CCA261D0B5600AC1FB2 /* FirebaseDatabase in Frameworks */,
				F5152CC6261D0B5600AC1FB2 /* FirebaseFirestoreSwift-Beta in Frameworks */,
				F5152CC8261D0B5600AC1FB2 /* FirebaseFirestore in Frameworks */,
				F5152CC4261D0B5600AC1FB2 /* FirebaseAnalytics in Frameworks */,
			);
			runOnlyForDeploymentPostprocessing = 0;
		};
/* End PBXFrameworksBuildPhase section */

/* Begin PBXGroup section */
		F5152CCC261D0BF600AC1FB2 /* ChatRoom */ = {
			isa = PBXGroup;
			children = (
				F5C2ED1C2605BF5E0097007D /* HomeModel.swift */,
				F5152CD0261D0C4900AC1FB2 /* MsgModel.swift */,
				F5152CD5261D7F7D00AC1FB2 /* AddChatUserView.swift */,
				F5152CD8261D811300AC1FB2 /* ChatRoom.swift */,
				F5152CE1261D953A00AC1FB2 /* ChatEntry.swift */,
			);
			path = ChatRoom;
			sourceTree = "<group>";
		};
		F5152CDB261D811E00AC1FB2 /* TodoList */ = {
			isa = PBXGroup;
			children = (
				F5C2ED132605B0580097007D /* TodoList.swift */,
				F5C2ED22260A01C20097007D /* TaskCellViewModel.swift */,
				F5C2ED1F260A015D0097007D /* TodoListViewModel.swift */,
			);
			path = TodoList;
			sourceTree = "<group>";
		};
		F5152CDC261D819700AC1FB2 /* ShoppingList */ = {
			isa = PBXGroup;
			children = (
				F5C2ED162605BDD90097007D /* Shopping.swift */,
			);
			path = ShoppingList;
			sourceTree = "<group>";
		};
		F5152CDD261D81B500AC1FB2 /* Setting */ = {
			isa = PBXGroup;
			children = (
				F5C2ED192605BF390097007D /* Setting.swift */,
			);
			path = Setting;
			sourceTree = "<group>";
		};
		F5FE2F4D25F358A700EBF653 = {
			isa = PBXGroup;
			children = (
				F5FE2F5825F358A700EBF653 /* CollaborationTool */,
				F5FE2F5725F358A700EBF653 /* Products */,
			);
			sourceTree = "<group>";
		};
		F5FE2F5725F358A700EBF653 /* Products */ = {
			isa = PBXGroup;
			children = (
				F5FE2F5625F358A700EBF653 /* CollaborationTool.app */,
			);
			name = Products;
			sourceTree = "<group>";
		};
		F5FE2F5825F358A700EBF653 /* CollaborationTool */ = {
			isa = PBXGroup;
			children = (
				F5152C73261944F900AC1FB2 /* GoogleService-Info.plist */,
				F5FE2F5925F358A700EBF653 /* CollaborationToolApp.swift */,
				F5FE2F5B25F358A700EBF653 /* ContentView.swift */,
				F5152CCC261D0BF600AC1FB2 /* ChatRoom */,
				F5152CDB261D811E00AC1FB2 /* TodoList */,
				F5152CDC261D819700AC1FB2 /* ShoppingList */,
				F5152CDD261D81B500AC1FB2 /* Setting */,
				F5FE2F5D25F358A800EBF653 /* Assets.xcassets */,
				F5FE2F6225F358A800EBF653 /* Info.plist */,
				F5FE2F5F25F358A800EBF653 /* Preview Content */,
				F5C2ED292617CE750097007D /* TaskRepository.swift */,
			);
			path = CollaborationTool;
			sourceTree = "<group>";
		};
		F5FE2F5F25F358A800EBF653 /* Preview Content */ = {
			isa = PBXGroup;
			children = (
				F5FE2F6025F358A800EBF653 /* Preview Assets.xcassets */,
			);
			path = "Preview Content";
			sourceTree = "<group>";
		};
/* End PBXGroup section */

/* Begin PBXNativeTarget section */
		F5FE2F5525F358A700EBF653 /* CollaborationTool */ = {
			isa = PBXNativeTarget;
			buildConfigurationList = F5FE2F6525F358A800EBF653 /* Build configuration list for PBXNativeTarget "CollaborationTool" */;
			buildPhases = (
				F5FE2F5225F358A700EBF653 /* Sources */,
				F5FE2F5325F358A700EBF653 /* Frameworks */,
				F5FE2F5425F358A700EBF653 /* Resources */,
			);
			buildRules = (
			);
			dependencies = (
			);
			name = CollaborationTool;
			packageProductDependencies = (
				F5152CC3261D0B5600AC1FB2 /* FirebaseAnalytics */,
				F5152CC5261D0B5600AC1FB2 /* FirebaseFirestoreSwift-Beta */,
				F5152CC7261D0B5600AC1FB2 /* FirebaseFirestore */,
				F5152CC9261D0B5600AC1FB2 /* FirebaseDatabase */,
			);
			productName = CollaborationTool;
			productReference = F5FE2F5625F358A700EBF653 /* CollaborationTool.app */;
			productType = "com.apple.product-type.application";
		};
/* End PBXNativeTarget section */

/* Begin PBXProject section */
		F5FE2F4E25F358A700EBF653 /* Project object */ = {
			isa = PBXProject;
			attributes = {
				LastSwiftUpdateCheck = 1240;
				LastUpgradeCheck = 1240;
				TargetAttributes = {
					F5FE2F5525F358A700EBF653 = {
						CreatedOnToolsVersion = 12.4;
					};
				};
			};
			buildConfigurationList = F5FE2F5125F358A700EBF653 /* Build configuration list for PBXProject "CollaborationTool" */;
			compatibilityVersion = "Xcode 9.3";
			developmentRegion = en;
			hasScannedForEncodings = 0;
			knownRegions = (
				en,
				Base,
			);
			mainGroup = F5FE2F4D25F358A700EBF653;
			packageReferences = (
				F5152CC2261D0B5500AC1FB2 /* XCRemoteSwiftPackageReference "firebase-ios-sdk" */,
			);
			productRefGroup = F5FE2F5725F358A700EBF653 /* Products */;
			projectDirPath = "";
			projectRoot = "";
			targets = (
				F5FE2F5525F358A700EBF653 /* CollaborationTool */,
			);
		};
/* End PBXProject section */

/* Begin PBXResourcesBuildPhase section */
		F5FE2F5425F358A700EBF653 /* Resources */ = {
			isa = PBXResourcesBuildPhase;
			buildActionMask = 2147483647;
			files = (
				F5FE2F6125F358A800EBF653 /* Preview Assets.xcassets in Resources */,
				F5FE2F5E25F358A800EBF653 /* Assets.xcassets in Resources */,
				F5152C74261944F900AC1FB2 /* GoogleService-Info.plist in Resources */,
			);
			runOnlyForDeploymentPostprocessing = 0;
		};
/* End PBXResourcesBuildPhase section */

/* Begin PBXSourcesBuildPhase section */
		F5FE2F5225F358A700EBF653 /* Sources */ = {
			isa = PBXSourcesBuildPhase;
			buildActionMask = 2147483647;
			files = (
				F5C2ED1D2605BF5E0097007D /* HomeModel.swift in Sources */,
				F5152CD6261D7F7D00AC1FB2 /* AddChatUserView.swift in Sources */,
				F5152CD1261D0C4900AC1FB2 /* MsgModel.swift in Sources */,
				F5152CE2261D953B00AC1FB2 /* ChatEntry.swift in Sources */,
				F5C2ED23260A01C20097007D /* TaskCellViewModel.swift in Sources */,
				F5C2ED1A2605BF390097007D /* Setting.swift in Sources */,
				F5C2ED20260A015D0097007D /* TodoListViewModel.swift in Sources */,
				F5C2ED142605B0580097007D /* TodoList.swift in Sources */,
				F5C2ED172605BDD90097007D /* Shopping.swift in Sources */,
				F5C2ED2A2617CE750097007D /* TaskRepository.swift in Sources */,
				F5152CD9261D811300AC1FB2 /* ChatRoom.swift in Sources */,
				F5FE2F5C25F358A700EBF653 /* ContentView.swift in Sources */,
				F5FE2F5A25F358A700EBF653 /* CollaborationToolApp.swift in Sources */,
			);
			runOnlyForDeploymentPostprocessing = 0;
		};
/* End PBXSourcesBuildPhase section */

/* Begin XCBuildConfiguration section */
		F5FE2F6325F358A800EBF653 /* Debug */ = {
			isa = XCBuildConfiguration;
			buildSettings = {
				ALWAYS_SEARCH_USER_PATHS = NO;
				CLANG_ANALYZER_NONNULL = YES;
				CLANG_ANALYZER_NUMBER_OBJECT_CONVERSION = YES_AGGRESSIVE;
				CLANG_CXX_LANGUAGE_STANDARD = "gnu++14";
				CLANG_CXX_LIBRARY = "libc++";
				CLANG_ENABLE_MODULES = YES;
				CLANG_ENABLE_OBJC_ARC = YES;
				CLANG_ENABLE_OBJC_WEAK = YES;
				CLANG_WARN_BLOCK_CAPTURE_AUTORELEASING = YES;
				CLANG_WARN_BOOL_CONVERSION = YES;
				CLANG_WARN_COMMA = YES;
				CLANG_WARN_CONSTANT_CONVERSION = YES;
				CLANG_WARN_DEPRECATED_OBJC_IMPLEMENTATIONS = YES;
				CLANG_WARN_DIRECT_OBJC_ISA_USAGE = YES_ERROR;
				CLANG_WARN_DOCUMENTATION_COMMENTS = YES;
				CLANG_WARN_EMPTY_BODY = YES;
				CLANG_WARN_ENUM_CONVERSION = YES;
				CLANG_WARN_INFINITE_RECURSION = YES;
				CLANG_WARN_INT_CONVERSION = YES;
				CLANG_WARN_NON_LITERAL_NULL_CONVERSION = YES;
				CLANG_WARN_OBJC_IMPLICIT_RETAIN_SELF = YES;
				CLANG_WARN_OBJC_LITERAL_CONVERSION = YES;
				CLANG_WARN_OBJC_ROOT_CLASS = YES_ERROR;
				CLANG_WARN_QUOTED_INCLUDE_IN_FRAMEWORK_HEADER = YES;
				CLANG_WARN_RANGE_LOOP_ANALYSIS = YES;
				CLANG_WARN_STRICT_PROTOTYPES = YES;
				CLANG_WARN_SUSPICIOUS_MOVE = YES;
				CLANG_WARN_UNGUARDED_AVAILABILITY = YES_AGGRESSIVE;
				CLANG_WARN_UNREACHABLE_CODE = YES;
				CLANG_WARN__DUPLICATE_METHOD_MATCH = YES;
				COPY_PHASE_STRIP = NO;
				DEBUG_INFORMATION_FORMAT = dwarf;
				ENABLE_STRICT_OBJC_MSGSEND = YES;
				ENABLE_TESTABILITY = YES;
				GCC_C_LANGUAGE_STANDARD = gnu11;
				GCC_DYNAMIC_NO_PIC = NO;
				GCC_NO_COMMON_BLOCKS = YES;
				GCC_OPTIMIZATION_LEVEL = 0;
				GCC_PREPROCESSOR_DEFINITIONS = (
					"DEBUG=1",
					"$(inherited)",
				);
				GCC_WARN_64_TO_32_BIT_CONVERSION = YES;
				GCC_WARN_ABOUT_RETURN_TYPE = YES_ERROR;
				GCC_WARN_UNDECLARED_SELECTOR = YES;
				GCC_WARN_UNINITIALIZED_AUTOS = YES_AGGRESSIVE;
				GCC_WARN_UNUSED_FUNCTION = YES;
				GCC_WARN_UNUSED_VARIABLE = YES;
				IPHONEOS_DEPLOYMENT_TARGET = 14.4;
				MTL_ENABLE_DEBUG_INFO = INCLUDE_SOURCE;
				MTL_FAST_MATH = YES;
				ONLY_ACTIVE_ARCH = YES;
				SDKROOT = iphoneos;
				SWIFT_ACTIVE_COMPILATION_CONDITIONS = DEBUG;
				SWIFT_OPTIMIZATION_LEVEL = "-Onone";
			};
			name = Debug;
		};
		F5FE2F6425F358A800EBF653 /* Release */ = {
			isa = XCBuildConfiguration;
			buildSettings = {
				ALWAYS_SEARCH_USER_PATHS = NO;
				CLANG_ANALYZER_NONNULL = YES;
				CLANG_ANALYZER_NUMBER_OBJECT_CONVERSION = YES_AGGRESSIVE;
				CLANG_CXX_LANGUAGE_STANDARD = "gnu++14";
				CLANG_CXX_LIBRARY = "libc++";
				CLANG_ENABLE_MODULES = YES;
				CLANG_ENABLE_OBJC_ARC = YES;
				CLANG_ENABLE_OBJC_WEAK = YES;
				CLANG_WARN_BLOCK_CAPTURE_AUTORELEASING = YES;
				CLANG_WARN_BOOL_CONVERSION = YES;
				CLANG_WARN_COMMA = YES;
				CLANG_WARN_CONSTANT_CONVERSION = YES;
				CLANG_WARN_DEPRECATED_OBJC_IMPLEMENTATIONS = YES;
				CLANG_WARN_DIRECT_OBJC_ISA_USAGE = YES_ERROR;
				CLANG_WARN_DOCUMENTATION_COMMENTS = YES;
				CLANG_WARN_EMPTY_BODY = YES;
				CLANG_WARN_ENUM_CONVERSION = YES;
				CLANG_WARN_INFINITE_RECURSION = YES;
				CLANG_WARN_INT_CONVERSION = YES;
				CLANG_WARN_NON_LITERAL_NULL_CONVERSION = YES;
				CLANG_WARN_OBJC_IMPLICIT_RETAIN_SELF = YES;
				CLANG_WARN_OBJC_LITERAL_CONVERSION = YES;
				CLANG_WARN_OBJC_ROOT_CLASS = YES_ERROR;
				CLANG_WARN_QUOTED_INCLUDE_IN_FRAMEWORK_HEADER = YES;
				CLANG_WARN_RANGE_LOOP_ANALYSIS = YES;
				CLANG_WARN_STRICT_PROTOTYPES = YES;
				CLANG_WARN_SUSPICIOUS_MOVE = YES;
				CLANG_WARN_UNGUARDED_AVAILABILITY = YES_AGGRESSIVE;
				CLANG_WARN_UNREACHABLE_CODE = YES;
				CLANG_WARN__DUPLICATE_METHOD_MATCH = YES;
				COPY_PHASE_STRIP = NO;
				DEBUG_INFORMATION_FORMAT = "dwarf-with-dsym";
				ENABLE_NS_ASSERTIONS = NO;
				ENABLE_STRICT_OBJC_MSGSEND = YES;
				GCC_C_LANGUAGE_STANDARD = gnu11;
				GCC_NO_COMMON_BLOCKS = YES;
				GCC_WARN_64_TO_32_BIT_CONVERSION = YES;
				GCC_WARN_ABOUT_RETURN_TYPE = YES_ERROR;
				GCC_WARN_UNDECLARED_SELECTOR = YES;
				GCC_WARN_UNINITIALIZED_AUTOS = YES_AGGRESSIVE;
				GCC_WARN_UNUSED_FUNCTION = YES;
				GCC_WARN_UNUSED_VARIABLE = YES;
				IPHONEOS_DEPLOYMENT_TARGET = 14.4;
				MTL_ENABLE_DEBUG_INFO = NO;
				MTL_FAST_MATH = YES;
				SDKROOT = iphoneos;
				SWIFT_COMPILATION_MODE = wholemodule;
				SWIFT_OPTIMIZATION_LEVEL = "-O";
				VALIDATE_PRODUCT = YES;
			};
			name = Release;
		};
		F5FE2F6625F358A800EBF653 /* Debug */ = {
			isa = XCBuildConfiguration;
			buildSettings = {
				ASSETCATALOG_COMPILER_APPICON_NAME = AppIcon;
				ASSETCATALOG_COMPILER_GLOBAL_ACCENT_COLOR_NAME = AccentColor;
				CODE_SIGN_STYLE = Automatic;
				DEVELOPMENT_ASSET_PATHS = "\"CollaborationTool/Preview Content\"";
				DEVELOPMENT_TEAM = USNWTJ998S;
				ENABLE_PREVIEWS = YES;
				INFOPLIST_FILE = CollaborationTool/Info.plist;
				IPHONEOS_DEPLOYMENT_TARGET = 14.0;
				LD_RUNPATH_SEARCH_PATHS = (
					"$(inherited)",
					"@executable_path/Frameworks",
				);
				PRODUCT_BUNDLE_IDENTIFIER = work.okylvy.CollaborationTool;
				PRODUCT_NAME = "$(TARGET_NAME)";
				SWIFT_VERSION = 5.0;
				TARGETED_DEVICE_FAMILY = "1,2";
			};
			name = Debug;
		};
		F5FE2F6725F358A800EBF653 /* Release */ = {
			isa = XCBuildConfiguration;
			buildSettings = {
				ASSETCATALOG_COMPILER_APPICON_NAME = AppIcon;
				ASSETCATALOG_COMPILER_GLOBAL_ACCENT_COLOR_NAME = AccentColor;
				CODE_SIGN_STYLE = Automatic;
				DEVELOPMENT_ASSET_PATHS = "\"CollaborationTool/Preview Content\"";
				DEVELOPMENT_TEAM = USNWTJ998S;
				ENABLE_PREVIEWS = YES;
				INFOPLIST_FILE = CollaborationTool/Info.plist;
				IPHONEOS_DEPLOYMENT_TARGET = 14.0;
				LD_RUNPATH_SEARCH_PATHS = (
					"$(inherited)",
					"@executable_path/Frameworks",
				);
				PRODUCT_BUNDLE_IDENTIFIER = work.okylvy.CollaborationTool;
				PRODUCT_NAME = "$(TARGET_NAME)";
				SWIFT_VERSION = 5.0;
				TARGETED_DEVICE_FAMILY = "1,2";
			};
			name = Release;
		};
/* End XCBuildConfiguration section */

/* Begin XCConfigurationList section */
		F5FE2F5125F358A700EBF653 /* Build configuration list for PBXProject "CollaborationTool" */ = {
			isa = XCConfigurationList;
			buildConfigurations = (
				F5FE2F6325F358A800EBF653 /* Debug */,
				F5FE2F6425F358A800EBF653 /* Release */,
			);
			defaultConfigurationIsVisible = 0;
			defaultConfigurationName = Release;
		};
		F5FE2F6525F358A800EBF653 /* Build configuration list for PBXNativeTarget "CollaborationTool" */ = {
			isa = XCConfigurationList;
			buildConfigurations = (
				F5FE2F6625F358A800EBF653 /* Debug */,
				F5FE2F6725F358A800EBF653 /* Release */,
			);
			defaultConfigurationIsVisible = 0;
			defaultConfigurationName = Release;
		};
/* End XCConfigurationList section */

/* Begin XCRemoteSwiftPackageReference section */
		F5152CC2261D0B5500AC1FB2 /* XCRemoteSwiftPackageReference "firebase-ios-sdk" */ = {
			isa = XCRemoteSwiftPackageReference;
			repositoryURL = "https://github.com/firebase/firebase-ios-sdk.git";
			requirement = {
				kind = upToNextMajorVersion;
				minimumVersion = 7.10.0;
			};
		};
/* End XCRemoteSwiftPackageReference section */

/* Begin XCSwiftPackageProductDependency section */
		F5152CC3261D0B5600AC1FB2 /* FirebaseAnalytics */ = {
			isa = XCSwiftPackageProductDependency;
			package = F5152CC2261D0B5500AC1FB2 /* XCRemoteSwiftPackageReference "firebase-ios-sdk" */;
			productName = FirebaseAnalytics;
		};
		F5152CC5261D0B5600AC1FB2 /* FirebaseFirestoreSwift-Beta */ = {
			isa = XCSwiftPackageProductDependency;
			package = F5152CC2261D0B5500AC1FB2 /* XCRemoteSwiftPackageReference "firebase-ios-sdk" */;
			productName = "FirebaseFirestoreSwift-Beta";
		};
		F5152CC7261D0B5600AC1FB2 /* FirebaseFirestore */ = {
			isa = XCSwiftPackageProductDependency;
			package = F5152CC2261D0B5500AC1FB2 /* XCRemoteSwiftPackageReference "firebase-ios-sdk" */;
			productName = FirebaseFirestore;
		};
		F5152CC9261D0B5600AC1FB2 /* FirebaseDatabase */ = {
			isa = XCSwiftPackageProductDependency;
			package = F5152CC2261D0B5500AC1FB2 /* XCRemoteSwiftPackageReference "firebase-ios-sdk" */;
			productName = FirebaseDatabase;
		};
/* End XCSwiftPackageProductDependency section */
	};
	rootObject = F5FE2F4E25F358A700EBF653 /* Project object */;
}
